
Microsoft Visual Studio Solution File, Format Version 12.00
# Visual Studio Version 16
VisualStudioVersion = 16.0.30225.117
MinimumVisualStudioVersion = 10.0.40219.1
Project("{9A19103F-16F7-4668-BE54-9A1E7A4F7556}") = "BuildCompletedECommerce", "Build Completed E-Commerce\BuildCompletedECommerce.csproj", "{3DFDC2FA-4E26-4412-A652-A9EBEC2A942A}"
EndProject
Global
	GlobalSection(SolutionConfigurationPlatforms) = preSolution
		Debug|Any CPU = Debug|Any CPU
		Release|Any CPU = Release|Any CPU
	EndGlobalSection
	GlobalSection(ProjectConfigurationPlatforms) = postSolution
		{3DFDC2FA-4E26-4412-A652-A9EBEC2A942A}.Debug|Any CPU.ActiveCfg = Debug|Any CPU
		{3DFDC2FA-4E26-4412-A652-A9EBEC2A942A}.Debug|Any CPU.Build.0 = Debug|Any CPU
		{3DFDC2FA-4E26-4412-A652-A9EBEC2A942A}.Release|Any CPU.ActiveCfg = Release|Any CPU
		{3DFDC2FA-4E26-4412-A652-A9EBEC2A942A}.Release|Any CPU.Build.0 = Release|Any CPU
	EndGlobalSection
	GlobalSection(SolutionProperties) = preSolution
		HideSolutionNode = FALSE
	EndGlobalSection
	GlobalSection(ExtensibilityGlobals) = postSolution
		SolutionGuid = {E3BA1EBA-D2F2-438D-98C5-AA765236FDB5}
	EndGlobalSection
EndGlobal
